
Microsoft Visual Studio Solution File, Format Version 12.00
# Visual Studio 15
VisualStudioVersion = 15.0.27703.2047
MinimumVisualStudioVersion = 10.0.40219.1
Project("{00D1A9C2-B5F0-4AF3-8072-F6C62B433612}") = "CodeFactoryDb", "CodeFactoryDb\CodeFactoryDb.sqlproj", "{4EC37AC8-F8A9-4375-986E-49420AF62E89}"
EndProject
Project("{00D1A9C2-B5F0-4AF3-8072-F6C62B433612}") = "CodeFactoryAssembly", "CodeFactoryAssembly\CodeFactoryAssembly.sqlproj", "{9253F378-03A0-4A08-804B-A2F1D25CADB0}"
EndProject
Project("{FAE04EC0-301F-11D3-BF4B-00C04F79EFBC}") = "CodeFactoryDbUnitTest", "CodeFactoryUnitTest\CodeFactoryDbUnitTest.csproj", "{46600488-3272-4858-8B2A-386FC73D931F}"
EndProject
Global
	GlobalSection(SolutionConfigurationPlatforms) = preSolution
		Debug|Any CPU = Debug|Any CPU
		Release|Any CPU = Release|Any CPU
	EndGlobalSection
	GlobalSection(ProjectConfigurationPlatforms) = postSolution
		{4EC37AC8-F8A9-4375-986E-49420AF62E89}.Debug|Any CPU.ActiveCfg = Debug|Any CPU
		{4EC37AC8-F8A9-4375-986E-49420AF62E89}.Debug|Any CPU.Build.0 = Debug|Any CPU
		{4EC37AC8-F8A9-4375-986E-49420AF62E89}.Debug|Any CPU.Deploy.0 = Debug|Any CPU
		{4EC37AC8-F8A9-4375-986E-49420AF62E89}.Release|Any CPU.ActiveCfg = Release|Any CPU
		{4EC37AC8-F8A9-4375-986E-49420AF62E89}.Release|Any CPU.Build.0 = Release|Any CPU
		{4EC37AC8-F8A9-4375-986E-49420AF62E89}.Release|Any CPU.Deploy.0 = Release|Any CPU
		{9253F378-03A0-4A08-804B-A2F1D25CADB0}.Debug|Any CPU.ActiveCfg = Debug|Any CPU
		{9253F378-03A0-4A08-804B-A2F1D25CADB0}.Debug|Any CPU.Build.0 = Debug|Any CPU
		{9253F378-03A0-4A08-804B-A2F1D25CADB0}.Debug|Any CPU.Deploy.0 = Debug|Any CPU
		{9253F378-03A0-4A08-804B-A2F1D25CADB0}.Release|Any CPU.ActiveCfg = Release|Any CPU
		{9253F378-03A0-4A08-804B-A2F1D25CADB0}.Release|Any CPU.Build.0 = Release|Any CPU
		{9253F378-03A0-4A08-804B-A2F1D25CADB0}.Release|Any CPU.Deploy.0 = Release|Any CPU
		{46600488-3272-4858-8B2A-386FC73D931F}.Debug|Any CPU.ActiveCfg = Debug|Any CPU
		{46600488-3272-4858-8B2A-386FC73D931F}.Debug|Any CPU.Build.0 = Debug|Any CPU
		{46600488-3272-4858-8B2A-386FC73D931F}.Release|Any CPU.ActiveCfg = Release|Any CPU
		{46600488-3272-4858-8B2A-386FC73D931F}.Release|Any CPU.Build.0 = Release|Any CPU
	EndGlobalSection
	GlobalSection(SolutionProperties) = preSolution
		HideSolutionNode = FALSE
	EndGlobalSection
	GlobalSection(ExtensibilityGlobals) = postSolution
		SolutionGuid = {BEF0A553-4AE3-4EA2-9D1D-B81D844238BA}
	EndGlobalSection
EndGlobal
